{
  "name": "stobe",
  "lockfileVersion": 3,
  "requires": true,
  "packages": {
    "": {
      "devDependencies": {
        "chrome-types": "^0.1.366"
      }
    },
    "node_modules/chrome-types": {
      "version": "0.1.366",
      "resolved": "https://registry.npmjs.org/chrome-types/-/chrome-types-0.1.366.tgz",
      "integrity": "sha512-BDP/stS4FgHfUpOfCyB8wSDZnK58xU6nCSHPSQBTQ0EjW0Ny2kNF0RkgMc2qISi26CgUuqmv+E4tTFlY6PF5Pg==",
      "dev": true,
      "license": "Apache-2.0"
    }
  }
}
